github.com/julmot/mark.js v0.0.0-20210820195258-8b57fccf976b/go.mod h1:aAyDyl2EhNPiZbFqqURsAmxYwwTHslrIxZErXMO3pJQ=
github.com/kaushalmodi/hugo-atom-feed v0.2.0/go.mod h1:eNCxNrqVpeR5IvtTrAB1J8ruthtI3KtHMlOIwp0rafo=
github.com/kaushalmodi/hugo-debugprint v0.1.0/go.mod h1:vusrDLlGE+4Uc1b4PgM0dI8lJCEqC1o7NjFr8WIfkaQ=
github.com/kaushalmodi/hugo-jf2 v0.2.0/go.mod h1:g2lfnXOKlV6iQ3X5a4tJBOLwMZRfbR32jdiq/nSSNPg=
github.com/kaushalmodi/hugo-search-fuse-js v0.4.4/go.mod h1:Wr6gbPat+KW6wReh/hDBykKIWn296FsEkuhojJvHHxw=
github.com/krisk/Fuse v3.2.1+incompatible/go.mod h1:3moWv8rDjwoKic9nwiPLgZjldkbdTAbtzJHCu/Vsj4A=
gitlab.com/kaushalmodi/hugo-theme-refined v0.14.5 h1:o8EhC9wzGMnSCKNmCqzrKc6PIM4DBCN8WjXvYSXjGbk=
gitlab.com/kaushalmodi/hugo-theme-refined v0.14.5/go.mod h1:/neiFc1Liz+RMJKLYV+joZzV0/ZgJpe9wpH3Tzm8Sok=
